
Microsoft Visual Studio Solution File, Format Version 12.00
# Visual Studio Version 17
VisualStudioVersion = 17.2.32317.152
MinimumVisualStudioVersion = 10.0.40219.1
Project("{FAE04EC0-301F-11D3-BF4B-00C04F79EFBC}") = "RomanNumerals", "RomanNumerals\RomanNumerals.csproj", "{22B18733-019F-42CC-A982-12592CAE51A1}"
EndProject
Project("{9A19103F-16F7-4668-BE54-9A1E7A4F7556}") = "RomanNumerals.Tests", "RomanNumerals.Tests\RomanNumerals.Tests.csproj", "{6B7736D4-58C9-4A3F-A085-872A86B4FC41}"
EndProject
Global
	GlobalSection(SolutionConfigurationPlatforms) = preSolution
		Debug|Any CPU = Debug|Any CPU
		Release|Any CPU = Release|Any CPU
	EndGlobalSection
	GlobalSection(ProjectConfigurationPlatforms) = postSolution
		{22B18733-019F-42CC-A982-12592CAE51A1}.Debug|Any CPU.ActiveCfg = Debug|Any CPU
		{22B18733-019F-42CC-A982-12592CAE51A1}.Debug|Any CPU.Build.0 = Debug|Any CPU
		{22B18733-019F-42CC-A982-12592CAE51A1}.Release|Any CPU.ActiveCfg = Release|Any CPU
		{22B18733-019F-42CC-A982-12592CAE51A1}.Release|Any CPU.Build.0 = Release|Any CPU
		{6B7736D4-58C9-4A3F-A085-872A86B4FC41}.Debug|Any CPU.ActiveCfg = Debug|Any CPU
		{6B7736D4-58C9-4A3F-A085-872A86B4FC41}.Debug|Any CPU.Build.0 = Debug|Any CPU
		{6B7736D4-58C9-4A3F-A085-872A86B4FC41}.Release|Any CPU.ActiveCfg = Release|Any CPU
		{6B7736D4-58C9-4A3F-A085-872A86B4FC41}.Release|Any CPU.Build.0 = Release|Any CPU
	EndGlobalSection
	GlobalSection(SolutionProperties) = preSolution
		HideSolutionNode = FALSE
	EndGlobalSection
	GlobalSection(ExtensibilityGlobals) = postSolution
		SolutionGuid = {D9772713-7C2D-4C29-81C3-6B23E9A51559}
	EndGlobalSection
EndGlobal
